github.com/google/go-cmp v0.6.0 h1:ofyhxvXcZhMsU5ulbFiLKl/XBFqE1GSq7atu8tAmTRI=
github.com/google/go-cmp v0.6.0/go.mod h1:17dUlkBOakJ0+DkrSSNjCkIjxS6bF9zb3elmeNGIjoY=
github.com/n9te9/goliteql v1.6.11 h1:qj3NpUopzk7yrHBUHy2hiAWrVvnXhZfG773HcgVUo+s=
github.com/n9te9/goliteql v1.6.11/go.mod h1:u2c00tmthAVbrV64wisueu3lCDeQ1NE9C4IQz3VUFtA=
